
Microsoft Visual Studio Solution File, Format Version 12.00
# Visual Studio 14
VisualStudioVersion = 14.0.25420.1
MinimumVisualStudioVersion = 10.0.40219.1
Project("{FAE04EC0-301F-11D3-BF4B-00C04F79EFBC}") = "Hubo", "Hubo\Hubo\Hubo.csproj", "{13E59813-BAF7-4C03-9D39-38FC9714AE56}"
EndProject
Project("{FAE04EC0-301F-11D3-BF4B-00C04F79EFBC}") = "Hubo.Droid", "Hubo\Hubo.Droid\Hubo.Droid.csproj", "{205F64EA-6CF8-4F7A-A9C8-4EB5B56515EC}"
EndProject
Project("{FAE04EC0-301F-11D3-BF4B-00C04F79EFBC}") = "Hubo.iOS", "Hubo\Hubo.iOS\Hubo.iOS.csproj", "{1277225B-E197-4E69-83BE-D26381389481}"
EndProject
Project("{FAE04EC0-301F-11D3-BF4B-00C04F79EFBC}") = "Hubo.WinPhone", "Hubo\Hubo.WinPhone\Hubo.WinPhone.csproj", "{7F27A55E-AE38-4966-8EFB-1463A16C3FC9}"
EndProject
Project("{FAE04EC0-301F-11D3-BF4B-00C04F79EFBC}") = "Hubo.UWP", "Hubo\Hubo.UWP\Hubo.UWP.csproj", "{F0D5F86C-A815-4C67-ADC1-462E2420BA17}"
EndProject
Project("{FAE04EC0-301F-11D3-BF4B-00C04F79EFBC}") = "Hubo.Windows", "Hubo\Hubo.Windows\Hubo.Windows.csproj", "{74511558-6A52-48E5-B4AD-FC2E01A33CD9}"
EndProject
Project("{FAE04EC0-301F-11D3-BF4B-00C04F79EFBC}") = "HuboTest", "HuboTest\HuboTest.csproj", "{704B3D19-F577-4DAF-B14C-DEBBA52A1C37}"
EndProject
Global
	GlobalSection(SolutionConfigurationPlatforms) = preSolution
		Ad-Hoc|Any CPU = Ad-Hoc|Any CPU
		Ad-Hoc|ARM = Ad-Hoc|ARM
		Ad-Hoc|iPhone = Ad-Hoc|iPhone
		Ad-Hoc|iPhoneSimulator = Ad-Hoc|iPhoneSimulator
		Ad-Hoc|x64 = Ad-Hoc|x64
		Ad-Hoc|x86 = Ad-Hoc|x86
		AppStore|Any CPU = AppStore|Any CPU
		AppStore|ARM = AppStore|ARM
		AppStore|iPhone = AppStore|iPhone
		AppStore|iPhoneSimulator = AppStore|iPhoneSimulator
		AppStore|x64 = AppStore|x64
		AppStore|x86 = AppStore|x86
		Debug|Any CPU = Debug|Any CPU
		Debug|ARM = Debug|ARM
		Debug|iPhone = Debug|iPhone
		Debug|iPhoneSimulator = Debug|iPhoneSimulator
		Debug|x64 = Debug|x64
		Debug|x86 = Debug|x86
		Release|Any CPU = Release|Any CPU
		Release|ARM = Release|ARM
		Release|iPhone = Release|iPhone
		Release|iPhoneSimulator = Release|iPhoneSimulator
		Release|x64 = Release|x64
		Release|x86 = Release|x86
	EndGlobalSection
	GlobalSection(ProjectConfigurationPlatforms) = postSolution
		{13E59813-BAF7-4C03-9D39-38FC9714AE56}.Ad-Hoc|Any CPU.ActiveCfg = Release|Any CPU
		{13E59813-BAF7-4C03-9D39-38FC9714AE56}.Ad-Hoc|Any CPU.Build.0 = Release|Any CPU
		{13E59813-BAF7-4C03-9D39-38FC9714AE56}.Ad-Hoc|ARM.ActiveCfg = Release|Any CPU
		{13E59813-BAF7-4C03-9D39-38FC9714AE56}.Ad-Hoc|ARM.Build.0 = Release|Any CPU
		{13E59813-BAF7-4C03-9D39-38FC9714AE56}.Ad-Hoc|iPhone.ActiveCfg = Release|Any CPU
		{13E59813-BAF7-4C03-9D39-38FC9714AE56}.Ad-Hoc|iPhone.Build.0 = Release|Any CPU
		{13E59813-BAF7-4C03-9D39-38FC9714AE56}.Ad-Hoc|iPhoneSimulator.ActiveCfg = Release|Any CPU
		{13E59813-BAF7-4C03-9D39-38FC9714AE56}.Ad-Hoc|iPhoneSimulator.Build.0 = Release|Any CPU
		{13E59813-BAF7-4C03-9D39-38FC9714AE56}.Ad-Hoc|x64.ActiveCfg = Release|Any CPU
		{13E59813-BAF7-4C03-9D39-38FC9714AE56}.Ad-Hoc|x64.Build.0 = Release|Any CPU
		{13E59813-BAF7-4C03-9D39-38FC9714AE56}.Ad-Hoc|x86.ActiveCfg = Release|Any CPU
		{13E59813-BAF7-4C03-9D39-38FC9714AE56}.Ad-Hoc|x86.Build.0 = Release|Any CPU
		{13E59813-BAF7-4C03-9D39-38FC9714AE56}.AppStore|Any CPU.ActiveCfg = Release|Any CPU
		{13E59813-BAF7-4C03-9D39-38FC9714AE56}.AppStore|Any CPU.Build.0 = Release|Any CPU
		{13E59813-BAF7-4C03-9D39-38FC9714AE56}.AppStore|ARM.ActiveCfg = Release|Any CPU
		{13E59813-BAF7-4C03-9D39-38FC9714AE56}.AppStore|ARM.Build.0 = Release|Any CPU
		{13E59813-BAF7-4C03-9D39-38FC9714AE56}.AppStore|iPhone.ActiveCfg = Release|Any CPU
		{13E59813-BAF7-4C03-9D39-38FC9714AE56}.AppStore|iPhone.Build.0 = Release|Any CPU
		{13E59813-BAF7-4C03-9D39-38FC9714AE56}.AppStore|iPhoneSimulator.ActiveCfg = Release|Any CPU
		{13E59813-BAF7-4C03-9D39-38FC9714AE56}.AppStore|iPhoneSimulator.Build.0 = Release|Any CPU
		{13E59813-BAF7-4C03-9D39-38FC9714AE56}.AppStore|x64.ActiveCfg = Release|Any CPU
		{13E59813-BAF7-4C03-9D39-38FC9714AE56}.AppStore|x64.Build.0 = Release|Any CPU
		{13E59813-BAF7-4C03-9D39-38FC9714AE56}.AppStore|x86.ActiveCfg = Release|Any CPU
		{13E59813-BAF7-4C03-9D39-38FC9714AE56}.AppStore|x86.Build.0 = Release|Any CPU
		{13E59813-BAF7-4C03-9D39-38FC9714AE56}.Debug|Any CPU.ActiveCfg = Debug|Any CPU
		{13E59813-BAF7-4C03-9D39-38FC9714AE56}.Debug|Any CPU.Build.0 = Debug|Any CPU
		{13E59813-BAF7-4C03-9D39-38FC9714AE56}.Debug|ARM.ActiveCfg = Debug|Any CPU
		{13E59813-BAF7-4C03-9D39-38FC9714AE56}.Debug|ARM.Build.0 = Debug|Any CPU
		{13E59813-BAF7-4C03-9D39-38FC9714AE56}.Debug|iPhone.ActiveCfg = Debug|Any CPU
		{13E59813-BAF7-4C03-9D39-38FC9714AE56}.Debug|iPhone.Build.0 = Debug|Any CPU
		{13E59813-BAF7-4C03-9D39-38FC9714AE56}.Debug|iPhoneSimulator.ActiveCfg = Debug|Any CPU
		{13E59813-BAF7-4C03-9D39-38FC9714AE56}.Debug|iPhoneSimulator.Build.0 = Debug|Any CPU
		{13E59813-BAF7-4C03-9D39-38FC9714AE56}.Debug|x64.ActiveCfg = Debug|Any CPU
		{13E59813-BAF7-4C03-9D39-38FC9714AE56}.Debug|x64.Build.0 = Debug|Any CPU
		{13E59813-BAF7-4C03-9D39-38FC9714AE56}.Debug|x86.ActiveCfg = Debug|Any CPU
		{13E59813-BAF7-4C03-9D39-38FC9714AE56}.Debug|x86.Build.0 = Debug|Any CPU
		{13E59813-BAF7-4C03-9D39-38FC9714AE56}.Release|Any CPU.ActiveCfg = Release|Any CPU
		{13E59813-BAF7-4C03-9D39-38FC9714AE56}.Release|Any CPU.Build.0 = Release|Any CPU
		{13E59813-BAF7-4C03-9D39-38FC9714AE56}.Release|ARM.ActiveCfg = Release|Any CPU
		{13E59813-BAF7-4C03-9D39-38FC9714AE56}.Release|ARM.Build.0 = Release|Any CPU
		{13E59813-BAF7-4C03-9D39-38FC9714AE56}.Release|iPhone.ActiveCfg = Release|Any CPU
		{13E59813-BAF7-4C03-9D39-38FC9714AE56}.Release|iPhone.Build.0 = Release|Any CPU
		{13E59813-BAF7-4C03-9D39-38FC9714AE56}.Release|iPhoneSimulator.ActiveCfg = Release|Any CPU
		{13E59813-BAF7-4C03-9D39-38FC9714AE56}.Release|iPhoneSimulator.Build.0 = Release|Any CPU
		{13E59813-BAF7-4C03-9D39-38FC9714AE56}.Release|x64.ActiveCfg = Release|Any CPU
		{13E59813-BAF7-4C03-9D39-38FC9714AE56}.Release|x64.Build.0 = Release|Any CPU
		{13E59813-BAF7-4C03-9D39-38FC9714AE56}.Release|x86.ActiveCfg = Release|Any CPU
		{13E59813-BAF7-4C03-9D39-38FC9714AE56}.Release|x86.Build.0 = Release|Any CPU
		{205F64EA-6CF8-4F7A-A9C8-4EB5B56515EC}.Ad-Hoc|Any CPU.ActiveCfg = Release|Any CPU
		{205F64EA-6CF8-4F7A-A9C8-4EB5B56515EC}.Ad-Hoc|Any CPU.Build.0 = Release|Any CPU
		{205F64EA-6CF8-4F7A-A9C8-4EB5B56515EC}.Ad-Hoc|Any CPU.Deploy.0 = Release|Any CPU
		{205F64EA-6CF8-4F7A-A9C8-4EB5B56515EC}.Ad-Hoc|ARM.ActiveCfg = Release|Any CPU
		{205F64EA-6CF8-4F7A-A9C8-4EB5B56515EC}.Ad-Hoc|ARM.Build.0 = Release|Any CPU
		{205F64EA-6CF8-4F7A-A9C8-4EB5B56515EC}.Ad-Hoc|ARM.Deploy.0 = Release|Any CPU
		{205F64EA-6CF8-4F7A-A9C8-4EB5B56515EC}.Ad-Hoc|iPhone.ActiveCfg = Release|Any CPU
		{205F64EA-6CF8-4F7A-A9C8-4EB5B56515EC}.Ad-Hoc|iPhone.Build.0 = Release|Any CPU
		{205F64EA-6CF8-4F7A-A9C8-4EB5B56515EC}.Ad-Hoc|iPhone.Deploy.0 = Release|Any CPU
		{205F64EA-6CF8-4F7A-A9C8-4EB5B56515EC}.Ad-Hoc|iPhoneSimulator.ActiveCfg = Release|Any CPU
		{205F64EA-6CF8-4F7A-A9C8-4EB5B56515EC}.Ad-Hoc|iPhoneSimulator.Build.0 = Release|Any CPU
		{205F64EA-6CF8-4F7A-A9C8-4EB5B56515EC}.Ad-Hoc|iPhoneSimulator.Deploy.0 = Release|Any CPU
		{205F64EA-6CF8-4F7A-A9C8-4EB5B56515EC}.Ad-Hoc|x64.ActiveCfg = Release|Any CPU
		{205F64EA-6CF8-4F7A-A9C8-4EB5B56515EC}.Ad-Hoc|x64.Build.0 = Release|Any CPU
		{205F64EA-6CF8-4F7A-A9C8-4EB5B56515EC}.Ad-Hoc|x64.Deploy.0 = Release|Any CPU
		{205F64EA-6CF8-4F7A-A9C8-4EB5B56515EC}.Ad-Hoc|x86.ActiveCfg = Release|Any CPU
		{205F64EA-6CF8-4F7A-A9C8-4EB5B56515EC}.Ad-Hoc|x86.Build.0 = Release|Any CPU
		{205F64EA-6CF8-4F7A-A9C8-4EB5B56515EC}.Ad-Hoc|x86.Deploy.0 = Release|Any CPU
		{205F64EA-6CF8-4F7A-A9C8-4EB5B56515EC}.AppStore|Any CPU.ActiveCfg = Release|Any CPU
		{205F64EA-6CF8-4F7A-A9C8-4EB5B56515EC}.AppStore|Any CPU.Build.0 = Release|Any CPU
		{205F64EA-6CF8-4F7A-A9C8-4EB5B56515EC}.AppStore|Any CPU.Deploy.0 = Release|Any CPU
		{205F64EA-6CF8-4F7A-A9C8-4EB5B56515EC}.AppStore|ARM.ActiveCfg = Release|Any CPU
		{205F64EA-6CF8-4F7A-A9C8-4EB5B56515EC}.AppStore|ARM.Build.0 = Release|Any CPU
		{205F64EA-6CF8-4F7A-A9C8-4EB5B56515EC}.AppStore|ARM.Deploy.0 = Release|Any CPU
		{205F64EA-6CF8-4F7A-A9C8-4EB5B56515EC}.AppStore|iPhone.ActiveCfg = Release|Any CPU
		{205F64EA-6CF8-4F7A-A9C8-4EB5B56515EC}.AppStore|iPhone.Build.0 = Release|Any CPU
		{205F64EA-6CF8-4F7A-A9C8-4EB5B56515EC}.AppStore|iPhone.Deploy.0 = Release|Any CPU
		{205F64EA-6CF8-4F7A-A9C8-4EB5B56515EC}.AppStore|iPhoneSimulator.ActiveCfg = Release|Any CPU
		{205F64EA-6CF8-4F7A-A9C8-4EB5B56515EC}.AppStore|iPhoneSimulator.Build.0 = Release|Any CPU
		{205F64EA-6CF8-4F7A-A9C8-4EB5B56515EC}.AppStore|iPhoneSimulator.Deploy.0 = Release|Any CPU
		{205F64EA-6CF8-4F7A-A9C8-4EB5B56515EC}.AppStore|x64.ActiveCfg = Release|Any CPU
		{205F64EA-6CF8-4F7A-A9C8-4EB5B56515EC}.AppStore|x64.Build.0 = Release|Any CPU
		{205F64EA-6CF8-4F7A-A9C8-4EB5B56515EC}.AppStore|x64.Deploy.0 = Release|Any CPU
		{205F64EA-6CF8-4F7A-A9C8-4EB5B56515EC}.AppStore|x86.ActiveCfg = Release|Any CPU
		{205F64EA-6CF8-4F7A-A9C8-4EB5B56515EC}.AppStore|x86.Build.0 = Release|Any CPU
		{205F64EA-6CF8-4F7A-A9C8-4EB5B56515EC}.AppStore|x86.Deploy.0 = Release|Any CPU
		{205F64EA-6CF8-4F7A-A9C8-4EB5B56515EC}.Debug|Any CPU.ActiveCfg = Debug|Any CPU
		{205F64EA-6CF8-4F7A-A9C8-4EB5B56515EC}.Debug|Any CPU.Build.0 = Debug|Any CPU
		{205F64EA-6CF8-4F7A-A9C8-4EB5B56515EC}.Debug|Any CPU.Deploy.0 = Debug|Any CPU
		{205F64EA-6CF8-4F7A-A9C8-4EB5B56515EC}.Debug|ARM.ActiveCfg = Debug|Any CPU
		{205F64EA-6CF8-4F7A-A9C8-4EB5B56515EC}.Debug|ARM.Build.0 = Debug|Any CPU
		{205F64EA-6CF8-4F7A-A9C8-4EB5B56515EC}.Debug|ARM.Deploy.0 = Debug|Any CPU
		{205F64EA-6CF8-4F7A-A9C8-4EB5B56515EC}.Debug|iPhone.ActiveCfg = Debug|Any CPU
		{205F64EA-6CF8-4F7A-A9C8-4EB5B56515EC}.Debug|iPhone.Build.0 = Debug|Any CPU
		{205F64EA-6CF8-4F7A-A9C8-4EB5B56515EC}.Debug|iPhone.Deploy.0 = Debug|Any CPU
		{205F64EA-6CF8-4F7A-A9C8-4EB5B56515EC}.Debug|iPhoneSimulator.ActiveCfg = Debug|Any CPU
		{205F64EA-6CF8-4F7A-A9C8-4EB5B56515EC}.Debug|iPhoneSimulator.Build.0 = Debug|Any CPU
		{205F64EA-6CF8-4F7A-A9C8-4EB5B56515EC}.Debug|iPhoneSimulator.Deploy.0 = Debug|Any CPU
		{205F64EA-6CF8-4F7A-A9C8-4EB5B56515EC}.Debug|x64.ActiveCfg = Debug|Any CPU
		{205F64EA-6CF8-4F7A-A9C8-4EB5B56515EC}.Debug|x64.Build.0 = Debug|Any CPU
		{205F64EA-6CF8-4F7A-A9C8-4EB5B56515EC}.Debug|x64.Deploy.0 = Debug|Any CPU
		{205F64EA-6CF8-4F7A-A9C8-4EB5B56515EC}.Debug|x86.ActiveCfg = Debug|Any CPU
		{205F64EA-6CF8-4F7A-A9C8-4EB5B56515EC}.Debug|x86.Build.0 = Debug|Any CPU
		{205F64EA-6CF8-4F7A-A9C8-4EB5B56515EC}.Debug|x86.Deploy.0 = Debug|Any CPU
		{205F64EA-6CF8-4F7A-A9C8-4EB5B56515EC}.Release|Any CPU.ActiveCfg = Release|Any CPU
		{205F64EA-6CF8-4F7A-A9C8-4EB5B56515EC}.Release|Any CPU.Build.0 = Release|Any CPU
		{205F64EA-6CF8-4F7A-A9C8-4EB5B56515EC}.Release|Any CPU.Deploy.0 = Release|Any CPU
		{205F64EA-6CF8-4F7A-A9C8-4EB5B56515EC}.Release|ARM.ActiveCfg = Release|Any CPU
		{205F64EA-6CF8-4F7A-A9C8-4EB5B56515EC}.Release|ARM.Build.0 = Release|Any CPU
		{205F64EA-6CF8-4F7A-A9C8-4EB5B56515EC}.Release|ARM.Deploy.0 = Release|Any CPU
		{205F64EA-6CF8-4F7A-A9C8-4EB5B56515EC}.Release|iPhone.ActiveCfg = Release|Any CPU
		{205F64EA-6CF8-4F7A-A9C8-4EB5B56515EC}.Release|iPhone.Build.0 = Release|Any CPU
		{205F64EA-6CF8-4F7A-A9C8-4EB5B56515EC}.Release|iPhone.Deploy.0 = Release|Any CPU
		{205F64EA-6CF8-4F7A-A9C8-4EB5B56515EC}.Release|iPhoneSimulator.ActiveCfg = Release|Any CPU
		{205F64EA-6CF8-4F7A-A9C8-4EB5B56515EC}.Release|iPhoneSimulator.Build.0 = Release|Any CPU
		{205F64EA-6CF8-4F7A-A9C8-4EB5B56515EC}.Release|iPhoneSimulator.Deploy.0 = Release|Any CPU
		{205F64EA-6CF8-4F7A-A9C8-4EB5B56515EC}.Release|x64.ActiveCfg = Release|Any CPU
		{205F64EA-6CF8-4F7A-A9C8-4EB5B56515EC}.Release|x64.Build.0 = Release|Any CPU
		{205F64EA-6CF8-4F7A-A9C8-4EB5B56515EC}.Release|x64.Deploy.0 = Release|Any CPU
		{205F64EA-6CF8-4F7A-A9C8-4EB5B56515EC}.Release|x86.ActiveCfg = Release|Any CPU
		{205F64EA-6CF8-4F7A-A9C8-4EB5B56515EC}.Release|x86.Build.0 = Release|Any CPU
		{205F64EA-6CF8-4F7A-A9C8-4EB5B56515EC}.Release|x86.Deploy.0 = Release|Any CPU
		{1277225B-E197-4E69-83BE-D26381389481}.Ad-Hoc|Any CPU.ActiveCfg = Ad-Hoc|iPhone
		{1277225B-E197-4E69-83BE-D26381389481}.Ad-Hoc|ARM.ActiveCfg = Ad-Hoc|iPhone
		{1277225B-E197-4E69-83BE-D26381389481}.Ad-Hoc|iPhone.ActiveCfg = Ad-Hoc|iPhone
		{1277225B-E197-4E69-83BE-D26381389481}.Ad-Hoc|iPhone.Build.0 = Ad-Hoc|iPhone
		{1277225B-E197-4E69-83BE-D26381389481}.Ad-Hoc|iPhoneSimulator.ActiveCfg = Ad-Hoc|iPhoneSimulator
		{1277225B-E197-4E69-83BE-D26381389481}.Ad-Hoc|iPhoneSimulator.Build.0 = Ad-Hoc|iPhoneSimulator
		{1277225B-E197-4E69-83BE-D26381389481}.Ad-Hoc|x64.ActiveCfg = Ad-Hoc|iPhone
		{1277225B-E197-4E69-83BE-D26381389481}.Ad-Hoc|x86.ActiveCfg = Ad-Hoc|iPhone
		{1277225B-E197-4E69-83BE-D26381389481}.AppStore|Any CPU.ActiveCfg = AppStore|iPhone
		{1277225B-E197-4E69-83BE-D26381389481}.AppStore|ARM.ActiveCfg = AppStore|iPhone
		{1277225B-E197-4E69-83BE-D26381389481}.AppStore|iPhone.ActiveCfg = AppStore|iPhone
		{1277225B-E197-4E69-83BE-D26381389481}.AppStore|iPhone.Build.0 = AppStore|iPhone
		{1277225B-E197-4E69-83BE-D26381389481}.AppStore|iPhoneSimulator.ActiveCfg = AppStore|iPhoneSimulator
		{1277225B-E197-4E69-83BE-D26381389481}.AppStore|iPhoneSimulator.Build.0 = AppStore|iPhoneSimulator
		{1277225B-E197-4E69-83BE-D26381389481}.AppStore|x64.ActiveCfg = AppStore|iPhone
		{1277225B-E197-4E69-83BE-D26381389481}.AppStore|x86.ActiveCfg = AppStore|iPhone
		{1277225B-E197-4E69-83BE-D26381389481}.Debug|Any CPU.ActiveCfg = Debug|iPhone
		{1277225B-E197-4E69-83BE-D26381389481}.Debug|ARM.ActiveCfg = Debug|iPhone
		{1277225B-E197-4E69-83BE-D26381389481}.Debug|iPhone.ActiveCfg = Debug|iPhone
		{1277225B-E197-4E69-83BE-D26381389481}.Debug|iPhone.Build.0 = Debug|iPhone
		{1277225B-E197-4E69-83BE-D26381389481}.Debug|iPhoneSimulator.ActiveCfg = Debug|iPhoneSimulator
		{1277225B-E197-4E69-83BE-D26381389481}.Debug|iPhoneSimulator.Build.0 = Debug|iPhoneSimulator
		{1277225B-E197-4E69-83BE-D26381389481}.Debug|x64.ActiveCfg = Debug|iPhone
		{1277225B-E197-4E69-83BE-D26381389481}.Debug|x86.ActiveCfg = Debug|iPhone
		{1277225B-E197-4E69-83BE-D26381389481}.Release|Any CPU.ActiveCfg = Release|iPhone
		{1277225B-E197-4E69-83BE-D26381389481}.Release|ARM.ActiveCfg = Release|iPhone
		{1277225B-E197-4E69-83BE-D26381389481}.Release|iPhone.ActiveCfg = Release|iPhone
		{1277225B-E197-4E69-83BE-D26381389481}.Release|iPhone.Build.0 = Release|iPhone
		{1277225B-E197-4E69-83BE-D26381389481}.Release|iPhoneSimulator.ActiveCfg = Release|iPhoneSimulator
		{1277225B-E197-4E69-83BE-D26381389481}.Release|iPhoneSimulator.Build.0 = Release|iPhoneSimulator
		{1277225B-E197-4E69-83BE-D26381389481}.Release|x64.ActiveCfg = Release|iPhone
		{1277225B-E197-4E69-83BE-D26381389481}.Release|x86.ActiveCfg = Release|iPhone
		{7F27A55E-AE38-4966-8EFB-1463A16C3FC9}.Ad-Hoc|Any CPU.ActiveCfg = Release|Any CPU
		{7F27A55E-AE38-4966-8EFB-1463A16C3FC9}.Ad-Hoc|Any CPU.Build.0 = Release|Any CPU
		{7F27A55E-AE38-4966-8EFB-1463A16C3FC9}.Ad-Hoc|Any CPU.Deploy.0 = Release|Any CPU
		{7F27A55E-AE38-4966-8EFB-1463A16C3FC9}.Ad-Hoc|ARM.ActiveCfg = Release|ARM
		{7F27A55E-AE38-4966-8EFB-1463A16C3FC9}.Ad-Hoc|ARM.Build.0 = Release|ARM
		{7F27A55E-AE38-4966-8EFB-1463A16C3FC9}.Ad-Hoc|ARM.Deploy.0 = Release|ARM
		{7F27A55E-AE38-4966-8EFB-1463A16C3FC9}.Ad-Hoc|iPhone.ActiveCfg = Release|Any CPU
		{7F27A55E-AE38-4966-8EFB-1463A16C3FC9}.Ad-Hoc|iPhone.Build.0 = Release|Any CPU
		{7F27A55E-AE38-4966-8EFB-1463A16C3FC9}.Ad-Hoc|iPhone.Deploy.0 = Release|Any CPU
		{7F27A55E-AE38-4966-8EFB-1463A16C3FC9}.Ad-Hoc|iPhoneSimulator.ActiveCfg = Release|Any CPU
		{7F27A55E-AE38-4966-8EFB-1463A16C3FC9}.Ad-Hoc|iPhoneSimulator.Build.0 = Release|Any CPU
		{7F27A55E-AE38-4966-8EFB-1463A16C3FC9}.Ad-Hoc|iPhoneSimulator.Deploy.0 = Release|Any CPU
		{7F27A55E-AE38-4966-8EFB-1463A16C3FC9}.Ad-Hoc|x64.ActiveCfg = Release|Any CPU
		{7F27A55E-AE38-4966-8EFB-1463A16C3FC9}.Ad-Hoc|x64.Build.0 = Release|Any CPU
		{7F27A55E-AE38-4966-8EFB-1463A16C3FC9}.Ad-Hoc|x64.Deploy.0 = Release|Any CPU
		{7F27A55E-AE38-4966-8EFB-1463A16C3FC9}.Ad-Hoc|x86.ActiveCfg = Release|x86
		{7F27A55E-AE38-4966-8EFB-1463A16C3FC9}.Ad-Hoc|x86.Build.0 = Release|x86
		{7F27A55E-AE38-4966-8EFB-1463A16C3FC9}.Ad-Hoc|x86.Deploy.0 = Release|x86
		{7F27A55E-AE38-4966-8EFB-1463A16C3FC9}.AppStore|Any CPU.ActiveCfg = Release|Any CPU
		{7F27A55E-AE38-4966-8EFB-1463A16C3FC9}.AppStore|Any CPU.Build.0 = Release|Any CPU
		{7F27A55E-AE38-4966-8EFB-1463A16C3FC9}.AppStore|Any CPU.Deploy.0 = Release|Any CPU
		{7F27A55E-AE38-4966-8EFB-1463A16C3FC9}.AppStore|ARM.ActiveCfg = Release|ARM
		{7F27A55E-AE38-4966-8EFB-1463A16C3FC9}.AppStore|ARM.Build.0 = Release|ARM
		{7F27A55E-AE38-4966-8EFB-1463A16C3FC9}.AppStore|ARM.Deploy.0 = Release|ARM
		{7F27A55E-AE38-4966-8EFB-1463A16C3FC9}.AppStore|iPhone.ActiveCfg = Release|Any CPU
		{7F27A55E-AE38-4966-8EFB-1463A16C3FC9}.AppStore|iPhone.Build.0 = Release|Any CPU
		{7F27A55E-AE38-4966-8EFB-1463A16C3FC9}.AppStore|iPhone.Deploy.0 = Release|Any CPU
		{7F27A55E-AE38-4966-8EFB-1463A16C3FC9}.AppStore|iPhoneSimulator.ActiveCfg = Release|Any CPU
		{7F27A55E-AE38-4966-8EFB-1463A16C3FC9}.AppStore|iPhoneSimulator.Build.0 = Release|Any CPU
		{7F27A55E-AE38-4966-8EFB-1463A16C3FC9}.AppStore|iPhoneSimulator.Deploy.0 = Release|Any CPU
		{7F27A55E-AE38-4966-8EFB-1463A16C3FC9}.AppStore|x64.ActiveCfg = Release|Any CPU
		{7F27A55E-AE38-4966-8EFB-1463A16C3FC9}.AppStore|x64.Build.0 = Release|Any CPU
		{7F27A55E-AE38-4966-8EFB-1463A16C3FC9}.AppStore|x64.Deploy.0 = Release|Any CPU
		{7F27A55E-AE38-4966-8EFB-1463A16C3FC9}.AppStore|x86.ActiveCfg = Release|x86
		{7F27A55E-AE38-4966-8EFB-1463A16C3FC9}.AppStore|x86.Build.0 = Release|x86
		{7F27A55E-AE38-4966-8EFB-1463A16C3FC9}.AppStore|x86.Deploy.0 = Release|x86
		{7F27A55E-AE38-4966-8EFB-1463A16C3FC9}.Debug|Any CPU.ActiveCfg = Debug|Any CPU
		{7F27A55E-AE38-4966-8EFB-1463A16C3FC9}.Debug|Any CPU.Build.0 = Debug|Any CPU
		{7F27A55E-AE38-4966-8EFB-1463A16C3FC9}.Debug|Any CPU.Deploy.0 = Debug|Any CPU
		{7F27A55E-AE38-4966-8EFB-1463A16C3FC9}.Debug|ARM.ActiveCfg = Debug|ARM
		{7F27A55E-AE38-4966-8EFB-1463A16C3FC9}.Debug|ARM.Build.0 = Debug|ARM
		{7F27A55E-AE38-4966-8EFB-1463A16C3FC9}.Debug|ARM.Deploy.0 = Debug|ARM
		{7F27A55E-AE38-4966-8EFB-1463A16C3FC9}.Debug|iPhone.ActiveCfg = Debug|Any CPU
		{7F27A55E-AE38-4966-8EFB-1463A16C3FC9}.Debug|iPhone.Build.0 = Debug|Any CPU
		{7F27A55E-AE38-4966-8EFB-1463A16C3FC9}.Debug|iPhone.Deploy.0 = Debug|Any CPU
		{7F27A55E-AE38-4966-8EFB-1463A16C3FC9}.Debug|iPhoneSimulator.ActiveCfg = Debug|Any CPU
		{7F27A55E-AE38-4966-8EFB-1463A16C3FC9}.Debug|iPhoneSimulator.Build.0 = Debug|Any CPU
		{7F27A55E-AE38-4966-8EFB-1463A16C3FC9}.Debug|iPhoneSimulator.Deploy.0 = Debug|Any CPU
		{7F27A55E-AE38-4966-8EFB-1463A16C3FC9}.Debug|x64.ActiveCfg = Debug|Any CPU
		{7F27A55E-AE38-4966-8EFB-1463A16C3FC9}.Debug|x64.Build.0 = Debug|Any CPU
		{7F27A55E-AE38-4966-8EFB-1463A16C3FC9}.Debug|x64.Deploy.0 = Debug|Any CPU
		{7F27A55E-AE38-4966-8EFB-1463A16C3FC9}.Debug|x86.ActiveCfg = Debug|x86
		{7F27A55E-AE38-4966-8EFB-1463A16C3FC9}.Debug|x86.Build.0 = Debug|x86
		{7F27A55E-AE38-4966-8EFB-1463A16C3FC9}.Debug|x86.Deploy.0 = Debug|x86
		{7F27A55E-AE38-4966-8EFB-1463A16C3FC9}.Release|Any CPU.ActiveCfg = Release|Any CPU
		{7F27A55E-AE38-4966-8EFB-1463A16C3FC9}.Release|Any CPU.Build.0 = Release|Any CPU
		{7F27A55E-AE38-4966-8EFB-1463A16C3FC9}.Release|Any CPU.Deploy.0 = Release|Any CPU
		{7F27A55E-AE38-4966-8EFB-1463A16C3FC9}.Release|ARM.ActiveCfg = Release|ARM
		{7F27A55E-AE38-4966-8EFB-1463A16C3FC9}.Release|ARM.Build.0 = Release|ARM
		{7F27A55E-AE38-4966-8EFB-1463A16C3FC9}.Release|ARM.Deploy.0 = Release|ARM
		{7F27A55E-AE38-4966-8EFB-1463A16C3FC9}.Release|iPhone.ActiveCfg = Release|Any CPU
		{7F27A55E-AE38-4966-8EFB-1463A16C3FC9}.Release|iPhone.Build.0 = Release|Any CPU
		{7F27A55E-AE38-4966-8EFB-1463A16C3FC9}.Release|iPhone.Deploy.0 = Release|Any CPU
		{7F27A55E-AE38-4966-8EFB-1463A16C3FC9}.Release|iPhoneSimulator.ActiveCfg = Release|Any CPU
		{7F27A55E-AE38-4966-8EFB-1463A16C3FC9}.Release|iPhoneSimulator.Build.0 = Release|Any CPU
		{7F27A55E-AE38-4966-8EFB-1463A16C3FC9}.Release|iPhoneSimulator.Deploy.0 = Release|Any CPU
		{7F27A55E-AE38-4966-8EFB-1463A16C3FC9}.Release|x64.ActiveCfg = Release|Any CPU
		{7F27A55E-AE38-4966-8EFB-1463A16C3FC9}.Release|x64.Build.0 = Release|Any CPU
		{7F27A55E-AE38-4966-8EFB-1463A16C3FC9}.Release|x64.Deploy.0 = Release|Any CPU
		{7F27A55E-AE38-4966-8EFB-1463A16C3FC9}.Release|x86.ActiveCfg = Release|x86
		{7F27A55E-AE38-4966-8EFB-1463A16C3FC9}.Release|x86.Build.0 = Release|x86
		{7F27A55E-AE38-4966-8EFB-1463A16C3FC9}.Release|x86.Deploy.0 = Release|x86
		{F0D5F86C-A815-4C67-ADC1-462E2420BA17}.Ad-Hoc|Any CPU.ActiveCfg = Release|x86
		{F0D5F86C-A815-4C67-ADC1-462E2420BA17}.Ad-Hoc|Any CPU.Build.0 = Release|x86
		{F0D5F86C-A815-4C67-ADC1-462E2420BA17}.Ad-Hoc|Any CPU.Deploy.0 = Release|x86
		{F0D5F86C-A815-4C67-ADC1-462E2420BA17}.Ad-Hoc|ARM.ActiveCfg = Release|ARM
		{F0D5F86C-A815-4C67-ADC1-462E2420BA17}.Ad-Hoc|ARM.Build.0 = Release|ARM
		{F0D5F86C-A815-4C67-ADC1-462E2420BA17}.Ad-Hoc|ARM.Deploy.0 = Release|ARM
		{F0D5F86C-A815-4C67-ADC1-462E2420BA17}.Ad-Hoc|iPhone.ActiveCfg = Release|x86
		{F0D5F86C-A815-4C67-ADC1-462E2420BA17}.Ad-Hoc|iPhone.Build.0 = Release|x86
		{F0D5F86C-A815-4C67-ADC1-462E2420BA17}.Ad-Hoc|iPhone.Deploy.0 = Release|x86
		{F0D5F86C-A815-4C67-ADC1-462E2420BA17}.Ad-Hoc|iPhoneSimulator.ActiveCfg = Release|x86
		{F0D5F86C-A815-4C67-ADC1-462E2420BA17}.Ad-Hoc|iPhoneSimulator.Build.0 = Release|x86
		{F0D5F86C-A815-4C67-ADC1-462E2420BA17}.Ad-Hoc|iPhoneSimulator.Deploy.0 = Release|x86
		{F0D5F86C-A815-4C67-ADC1-462E2420BA17}.Ad-Hoc|x64.ActiveCfg = Release|x64
		{F0D5F86C-A815-4C67-ADC1-462E2420BA17}.Ad-Hoc|x64.Build.0 = Release|x64
		{F0D5F86C-A815-4C67-ADC1-462E2420BA17}.Ad-Hoc|x64.Deploy.0 = Release|x64
		{F0D5F86C-A815-4C67-ADC1-462E2420BA17}.Ad-Hoc|x86.ActiveCfg = Release|x86
		{F0D5F86C-A815-4C67-ADC1-462E2420BA17}.Ad-Hoc|x86.Build.0 = Release|x86
		{F0D5F86C-A815-4C67-ADC1-462E2420BA17}.Ad-Hoc|x86.Deploy.0 = Release|x86
		{F0D5F86C-A815-4C67-ADC1-462E2420BA17}.AppStore|Any CPU.ActiveCfg = Release|x86
		{F0D5F86C-A815-4C67-ADC1-462E2420BA17}.AppStore|Any CPU.Build.0 = Release|x86
		{F0D5F86C-A815-4C67-ADC1-462E2420BA17}.AppStore|Any CPU.Deploy.0 = Release|x86
		{F0D5F86C-A815-4C67-ADC1-462E2420BA17}.AppStore|ARM.ActiveCfg = Release|ARM
		{F0D5F86C-A815-4C67-ADC1-462E2420BA17}.AppStore|ARM.Build.0 = Release|ARM
		{F0D5F86C-A815-4C67-ADC1-462E2420BA17}.AppStore|ARM.Deploy.0 = Release|ARM
		{F0D5F86C-A815-4C67-ADC1-462E2420BA17}.AppStore|iPhone.ActiveCfg = Release|x86
		{F0D5F86C-A815-4C67-ADC1-462E2420BA17}.AppStore|iPhone.Build.0 = Release|x86
		{F0D5F86C-A815-4C67-ADC1-462E2420BA17}.AppStore|iPhone.Deploy.0 = Release|x86
		{F0D5F86C-A815-4C67-ADC1-462E2420BA17}.AppStore|iPhoneSimulator.ActiveCfg = Release|x86
		{F0D5F86C-A815-4C67-ADC1-462E2420BA17}.AppStore|iPhoneSimulator.Build.0 = Release|x86
		{F0D5F86C-A815-4C67-ADC1-462E2420BA17}.AppStore|iPhoneSimulator.Deploy.0 = Release|x86
		{F0D5F86C-A815-4C67-ADC1-462E2420BA17}.AppStore|x64.ActiveCfg = Release|x64
		{F0D5F86C-A815-4C67-ADC1-462E2420BA17}.AppStore|x64.Build.0 = Release|x64
		{F0D5F86C-A815-4C67-ADC1-462E2420BA17}.AppStore|x64.Deploy.0 = Release|x64
		{F0D5F86C-A815-4C67-ADC1-462E2420BA17}.AppStore|x86.ActiveCfg = Release|x86
		{F0D5F86C-A815-4C67-ADC1-462E2420BA17}.AppStore|x86.Build.0 = Release|x86
		{F0D5F86C-A815-4C67-ADC1-462E2420BA17}.AppStore|x86.Deploy.0 = Release|x86
		{F0D5F86C-A815-4C67-ADC1-462E2420BA17}.Debug|Any CPU.ActiveCfg = Debug|x86
		{F0D5F86C-A815-4C67-ADC1-462E2420BA17}.Debug|ARM.ActiveCfg = Debug|ARM
		{F0D5F86C-A815-4C67-ADC1-462E2420BA17}.Debug|ARM.Build.0 = Debug|ARM
		{F0D5F86C-A815-4C67-ADC1-462E2420BA17}.Debug|ARM.Deploy.0 = Debug|ARM
		{F0D5F86C-A815-4C67-ADC1-462E2420BA17}.Debug|iPhone.ActiveCfg = Debug|x86
		{F0D5F86C-A815-4C67-ADC1-462E2420BA17}.Debug|iPhoneSimulator.ActiveCfg = Debug|x86
		{F0D5F86C-A815-4C67-ADC1-462E2420BA17}.Debug|x64.ActiveCfg = Debug|x64
		{F0D5F86C-A815-4C67-ADC1-462E2420BA17}.Debug|x64.Build.0 = Debug|x64
		{F0D5F86C-A815-4C67-ADC1-462E2420BA17}.Debug|x64.Deploy.0 = Debug|x64
		{F0D5F86C-A815-4C67-ADC1-462E2420BA17}.Debug|x86.ActiveCfg = Debug|x86
		{F0D5F86C-A815-4C67-ADC1-462E2420BA17}.Debug|x86.Build.0 = Debug|x86
		{F0D5F86C-A815-4C67-ADC1-462E2420BA17}.Debug|x86.Deploy.0 = Debug|x86
		{F0D5F86C-A815-4C67-ADC1-462E2420BA17}.Release|Any CPU.ActiveCfg = Release|x86
		{F0D5F86C-A815-4C67-ADC1-462E2420BA17}.Release|ARM.ActiveCfg = Release|ARM
		{F0D5F86C-A815-4C67-ADC1-462E2420BA17}.Release|ARM.Build.0 = Release|ARM
		{F0D5F86C-A815-4C67-ADC1-462E2420BA17}.Release|ARM.Deploy.0 = Release|ARM
		{F0D5F86C-A815-4C67-ADC1-462E2420BA17}.Release|iPhone.ActiveCfg = Release|x86
		{F0D5F86C-A815-4C67-ADC1-462E2420BA17}.Release|iPhoneSimulator.ActiveCfg = Release|x86
		{F0D5F86C-A815-4C67-ADC1-462E2420BA17}.Release|x64.ActiveCfg = Release|x64
		{F0D5F86C-A815-4C67-ADC1-462E2420BA17}.Release|x64.Build.0 = Release|x64
		{F0D5F86C-A815-4C67-ADC1-462E2420BA17}.Release|x64.Deploy.0 = Release|x64
		{F0D5F86C-A815-4C67-ADC1-462E2420BA17}.Release|x86.ActiveCfg = Release|x86
		{F0D5F86C-A815-4C67-ADC1-462E2420BA17}.Release|x86.Build.0 = Release|x86
		{F0D5F86C-A815-4C67-ADC1-462E2420BA17}.Release|x86.Deploy.0 = Release|x86
		{74511558-6A52-48E5-B4AD-FC2E01A33CD9}.Ad-Hoc|Any CPU.ActiveCfg = Release|Any CPU
		{74511558-6A52-48E5-B4AD-FC2E01A33CD9}.Ad-Hoc|Any CPU.Build.0 = Release|Any CPU
		{74511558-6A52-48E5-B4AD-FC2E01A33CD9}.Ad-Hoc|Any CPU.Deploy.0 = Release|Any CPU
		{74511558-6A52-48E5-B4AD-FC2E01A33CD9}.Ad-Hoc|ARM.ActiveCfg = Release|ARM
		{74511558-6A52-48E5-B4AD-FC2E01A33CD9}.Ad-Hoc|ARM.Build.0 = Release|ARM
		{74511558-6A52-48E5-B4AD-FC2E01A33CD9}.Ad-Hoc|ARM.Deploy.0 = Release|ARM
		{74511558-6A52-48E5-B4AD-FC2E01A33CD9}.Ad-Hoc|iPhone.ActiveCfg = Release|Any CPU
		{74511558-6A52-48E5-B4AD-FC2E01A33CD9}.Ad-Hoc|iPhone.Build.0 = Release|Any CPU
		{74511558-6A52-48E5-B4AD-FC2E01A33CD9}.Ad-Hoc|iPhone.Deploy.0 = Release|Any CPU
		{74511558-6A52-48E5-B4AD-FC2E01A33CD9}.Ad-Hoc|iPhoneSimulator.ActiveCfg = Release|Any CPU
		{74511558-6A52-48E5-B4AD-FC2E01A33CD9}.Ad-Hoc|iPhoneSimulator.Build.0 = Release|Any CPU
		{74511558-6A52-48E5-B4AD-FC2E01A33CD9}.Ad-Hoc|iPhoneSimulator.Deploy.0 = Release|Any CPU
		{74511558-6A52-48E5-B4AD-FC2E01A33CD9}.Ad-Hoc|x64.ActiveCfg = Release|x64
		{74511558-6A52-48E5-B4AD-FC2E01A33CD9}.Ad-Hoc|x64.Build.0 = Release|x64
		{74511558-6A52-48E5-B4AD-FC2E01A33CD9}.Ad-Hoc|x64.Deploy.0 = Release|x64
		{74511558-6A52-48E5-B4AD-FC2E01A33CD9}.Ad-Hoc|x86.ActiveCfg = Release|x86
		{74511558-6A52-48E5-B4AD-FC2E01A33CD9}.Ad-Hoc|x86.Build.0 = Release|x86
		{74511558-6A52-48E5-B4AD-FC2E01A33CD9}.Ad-Hoc|x86.Deploy.0 = Release|x86
		{74511558-6A52-48E5-B4AD-FC2E01A33CD9}.AppStore|Any CPU.ActiveCfg = Release|Any CPU
		{74511558-6A52-48E5-B4AD-FC2E01A33CD9}.AppStore|Any CPU.Build.0 = Release|Any CPU
		{74511558-6A52-48E5-B4AD-FC2E01A33CD9}.AppStore|Any CPU.Deploy.0 = Release|Any CPU
		{74511558-6A52-48E5-B4AD-FC2E01A33CD9}.AppStore|ARM.ActiveCfg = Release|ARM
		{74511558-6A52-48E5-B4AD-FC2E01A33CD9}.AppStore|ARM.Build.0 = Release|ARM
		{74511558-6A52-48E5-B4AD-FC2E01A33CD9}.AppStore|ARM.Deploy.0 = Release|ARM
		{74511558-6A52-48E5-B4AD-FC2E01A33CD9}.AppStore|iPhone.ActiveCfg = Release|Any CPU
		{74511558-6A52-48E5-B4AD-FC2E01A33CD9}.AppStore|iPhone.Build.0 = Release|Any CPU
		{74511558-6A52-48E5-B4AD-FC2E01A33CD9}.AppStore|iPhone.Deploy.0 = Release|Any CPU
		{74511558-6A52-48E5-B4AD-FC2E01A33CD9}.AppStore|iPhoneSimulator.ActiveCfg = Release|Any CPU
		{74511558-6A52-48E5-B4AD-FC2E01A33CD9}.AppStore|iPhoneSimulator.Build.0 = Release|Any CPU
		{74511558-6A52-48E5-B4AD-FC2E01A33CD9}.AppStore|iPhoneSimulator.Deploy.0 = Release|Any CPU
		{74511558-6A52-48E5-B4AD-FC2E01A33CD9}.AppStore|x64.ActiveCfg = Release|x64
		{74511558-6A52-48E5-B4AD-FC2E01A33CD9}.AppStore|x64.Build.0 = Release|x64
		{74511558-6A52-48E5-B4AD-FC2E01A33CD9}.AppStore|x64.Deploy.0 = Release|x64
		{74511558-6A52-48E5-B4AD-FC2E01A33CD9}.AppStore|x86.ActiveCfg = Release|x86
		{74511558-6A52-48E5-B4AD-FC2E01A33CD9}.AppStore|x86.Build.0 = Release|x86
		{74511558-6A52-48E5-B4AD-FC2E01A33CD9}.AppStore|x86.Deploy.0 = Release|x86
		{74511558-6A52-48E5-B4AD-FC2E01A33CD9}.Debug|Any CPU.ActiveCfg = Debug|Any CPU
		{74511558-6A52-48E5-B4AD-FC2E01A33CD9}.Debug|Any CPU.Build.0 = Debug|Any CPU
		{74511558-6A52-48E5-B4AD-FC2E01A33CD9}.Debug|Any CPU.Deploy.0 = Debug|Any CPU
		{74511558-6A52-48E5-B4AD-FC2E01A33CD9}.Debug|ARM.ActiveCfg = Debug|ARM
		{74511558-6A52-48E5-B4AD-FC2E01A33CD9}.Debug|ARM.Build.0 = Debug|ARM
		{74511558-6A52-48E5-B4AD-FC2E01A33CD9}.Debug|ARM.Deploy.0 = Debug|ARM
		{74511558-6A52-48E5-B4AD-FC2E01A33CD9}.Debug|iPhone.ActiveCfg = Debug|Any CPU
		{74511558-6A52-48E5-B4AD-FC2E01A33CD9}.Debug|iPhone.Build.0 = Debug|Any CPU
		{74511558-6A52-48E5-B4AD-FC2E01A33CD9}.Debug|iPhone.Deploy.0 = Debug|Any CPU
		{74511558-6A52-48E5-B4AD-FC2E01A33CD9}.Debug|iPhoneSimulator.ActiveCfg = Debug|Any CPU
		{74511558-6A52-48E5-B4AD-FC2E01A33CD9}.Debug|iPhoneSimulator.Build.0 = Debug|Any CPU
		{74511558-6A52-48E5-B4AD-FC2E01A33CD9}.Debug|iPhoneSimulator.Deploy.0 = Debug|Any CPU
		{74511558-6A52-48E5-B4AD-FC2E01A33CD9}.Debug|x64.ActiveCfg = Debug|x64
		{74511558-6A52-48E5-B4AD-FC2E01A33CD9}.Debug|x64.Build.0 = Debug|x64
		{74511558-6A52-48E5-B4AD-FC2E01A33CD9}.Debug|x64.Deploy.0 = Debug|x64
		{74511558-6A52-48E5-B4AD-FC2E01A33CD9}.Debug|x86.ActiveCfg = Debug|x86
		{74511558-6A52-48E5-B4AD-FC2E01A33CD9}.Debug|x86.Build.0 = Debug|x86
		{74511558-6A52-48E5-B4AD-FC2E01A33CD9}.Debug|x86.Deploy.0 = Debug|x86
		{74511558-6A52-48E5-B4AD-FC2E01A33CD9}.Release|Any CPU.ActiveCfg = Release|Any CPU
		{74511558-6A52-48E5-B4AD-FC2E01A33CD9}.Release|Any CPU.Build.0 = Release|Any CPU
		{74511558-6A52-48E5-B4AD-FC2E01A33CD9}.Release|Any CPU.Deploy.0 = Release|Any CPU
		{74511558-6A52-48E5-B4AD-FC2E01A33CD9}.Release|ARM.ActiveCfg = Release|ARM
		{74511558-6A52-48E5-B4AD-FC2E01A33CD9}.Release|ARM.Build.0 = Release|ARM
		{74511558-6A52-48E5-B4AD-FC2E01A33CD9}.Release|ARM.Deploy.0 = Release|ARM
		{74511558-6A52-48E5-B4AD-FC2E01A33CD9}.Release|iPhone.ActiveCfg = Release|Any CPU
		{74511558-6A52-48E5-B4AD-FC2E01A33CD9}.Release|iPhone.Build.0 = Release|Any CPU
		{74511558-6A52-48E5-B4AD-FC2E01A33CD9}.Release|iPhone.Deploy.0 = Release|Any CPU
		{74511558-6A52-48E5-B4AD-FC2E01A33CD9}.Release|iPhoneSimulator.ActiveCfg = Release|Any CPU
		{74511558-6A52-48E5-B4AD-FC2E01A33CD9}.Release|iPhoneSimulator.Build.0 = Release|Any CPU
		{74511558-6A52-48E5-B4AD-FC2E01A33CD9}.Release|iPhoneSimulator.Deploy.0 = Release|Any CPU
		{74511558-6A52-48E5-B4AD-FC2E01A33CD9}.Release|x64.ActiveCfg = Release|x64
		{74511558-6A52-48E5-B4AD-FC2E01A33CD9}.Release|x64.Build.0 = Release|x64
		{74511558-6A52-48E5-B4AD-FC2E01A33CD9}.Release|x64.Deploy.0 = Release|x64
		{74511558-6A52-48E5-B4AD-FC2E01A33CD9}.Release|x86.ActiveCfg = Release|x86
		{74511558-6A52-48E5-B4AD-FC2E01A33CD9}.Release|x86.Build.0 = Release|x86
		{74511558-6A52-48E5-B4AD-FC2E01A33CD9}.Release|x86.Deploy.0 = Release|x86
		{704B3D19-F577-4DAF-B14C-DEBBA52A1C37}.Ad-Hoc|Any CPU.ActiveCfg = Release|Any CPU
		{704B3D19-F577-4DAF-B14C-DEBBA52A1C37}.Ad-Hoc|Any CPU.Build.0 = Release|Any CPU
		{704B3D19-F577-4DAF-B14C-DEBBA52A1C37}.Ad-Hoc|ARM.ActiveCfg = Release|Any CPU
		{704B3D19-F577-4DAF-B14C-DEBBA52A1C37}.Ad-Hoc|ARM.Build.0 = Release|Any CPU
		{704B3D19-F577-4DAF-B14C-DEBBA52A1C37}.Ad-Hoc|iPhone.ActiveCfg = Release|Any CPU
		{704B3D19-F577-4DAF-B14C-DEBBA52A1C37}.Ad-Hoc|iPhone.Build.0 = Release|Any CPU
		{704B3D19-F577-4DAF-B14C-DEBBA52A1C37}.Ad-Hoc|iPhoneSimulator.ActiveCfg = Release|Any CPU
		{704B3D19-F577-4DAF-B14C-DEBBA52A1C37}.Ad-Hoc|iPhoneSimulator.Build.0 = Release|Any CPU
		{704B3D19-F577-4DAF-B14C-DEBBA52A1C37}.Ad-Hoc|x64.ActiveCfg = Release|Any CPU
		{704B3D19-F577-4DAF-B14C-DEBBA52A1C37}.Ad-Hoc|x64.Build.0 = Release|Any CPU
		{704B3D19-F577-4DAF-B14C-DEBBA52A1C37}.Ad-Hoc|x86.ActiveCfg = Release|Any CPU
		{704B3D19-F577-4DAF-B14C-DEBBA52A1C37}.Ad-Hoc|x86.Build.0 = Release|Any CPU
		{704B3D19-F577-4DAF-B14C-DEBBA52A1C37}.AppStore|Any CPU.ActiveCfg = Release|Any CPU
		{704B3D19-F577-4DAF-B14C-DEBBA52A1C37}.AppStore|Any CPU.Build.0 = Release|Any CPU
		{704B3D19-F577-4DAF-B14C-DEBBA52A1C37}.AppStore|ARM.ActiveCfg = Release|Any CPU
		{704B3D19-F577-4DAF-B14C-DEBBA52A1C37}.AppStore|ARM.Build.0 = Release|Any CPU
		{704B3D19-F577-4DAF-B14C-DEBBA52A1C37}.AppStore|iPhone.ActiveCfg = Release|Any CPU
		{704B3D19-F577-4DAF-B14C-DEBBA52A1C37}.AppStore|iPhone.Build.0 = Release|Any CPU
		{704B3D19-F577-4DAF-B14C-DEBBA52A1C37}.AppStore|iPhoneSimulator.ActiveCfg = Release|Any CPU
		{704B3D19-F577-4DAF-B14C-DEBBA52A1C37}.AppStore|iPhoneSimulator.Build.0 = Release|Any CPU
		{704B3D19-F577-4DAF-B14C-DEBBA52A1C37}.AppStore|x64.ActiveCfg = Release|Any CPU
		{704B3D19-F577-4DAF-B14C-DEBBA52A1C37}.AppStore|x64.Build.0 = Release|Any CPU
		{704B3D19-F577-4DAF-B14C-DEBBA52A1C37}.AppStore|x86.ActiveCfg = Release|Any CPU
		{704B3D19-F577-4DAF-B14C-DEBBA52A1C37}.AppStore|x86.Build.0 = Release|Any CPU
		{704B3D19-F577-4DAF-B14C-DEBBA52A1C37}.Debug|Any CPU.ActiveCfg = Debug|Any CPU
		{704B3D19-F577-4DAF-B14C-DEBBA52A1C37}.Debug|Any CPU.Build.0 = Debug|Any CPU
		{704B3D19-F577-4DAF-B14C-DEBBA52A1C37}.Debug|ARM.ActiveCfg = Debug|Any CPU
		{704B3D19-F577-4DAF-B14C-DEBBA52A1C37}.Debug|ARM.Build.0 = Debug|Any CPU
		{704B3D19-F577-4DAF-B14C-DEBBA52A1C37}.Debug|iPhone.ActiveCfg = Debug|Any CPU
		{704B3D19-F577-4DAF-B14C-DEBBA52A1C37}.Debug|iPhone.Build.0 = Debug|Any CPU
		{704B3D19-F577-4DAF-B14C-DEBBA52A1C37}.Debug|iPhoneSimulator.ActiveCfg = Debug|Any CPU
		{704B3D19-F577-4DAF-B14C-DEBBA52A1C37}.Debug|iPhoneSimulator.Build.0 = Debug|Any CPU
		{704B3D19-F577-4DAF-B14C-DEBBA52A1C37}.Debug|x64.ActiveCfg = Debug|Any CPU
		{704B3D19-F577-4DAF-B14C-DEBBA52A1C37}.Debug|x64.Build.0 = Debug|Any CPU
		{704B3D19-F577-4DAF-B14C-DEBBA52A1C37}.Debug|x86.ActiveCfg = Debug|Any CPU
		{704B3D19-F577-4DAF-B14C-DEBBA52A1C37}.Debug|x86.Build.0 = Debug|Any CPU
		{704B3D19-F577-4DAF-B14C-DEBBA52A1C37}.Release|Any CPU.ActiveCfg = Release|Any CPU
		{704B3D19-F577-4DAF-B14C-DEBBA52A1C37}.Release|Any CPU.Build.0 = Release|Any CPU
		{704B3D19-F577-4DAF-B14C-DEBBA52A1C37}.Release|ARM.ActiveCfg = Release|Any CPU
		{704B3D19-F577-4DAF-B14C-DEBBA52A1C37}.Release|ARM.Build.0 = Release|Any CPU
		{704B3D19-F577-4DAF-B14C-DEBBA52A1C37}.Release|iPhone.ActiveCfg = Release|Any CPU
		{704B3D19-F577-4DAF-B14C-DEBBA52A1C37}.Release|iPhone.Build.0 = Release|Any CPU
		{704B3D19-F577-4DAF-B14C-DEBBA52A1C37}.Release|iPhoneSimulator.ActiveCfg = Release|Any CPU
		{704B3D19-F577-4DAF-B14C-DEBBA52A1C37}.Release|iPhoneSimulator.Build.0 = Release|Any CPU
		{704B3D19-F577-4DAF-B14C-DEBBA52A1C37}.Release|x64.ActiveCfg = Release|Any CPU
		{704B3D19-F577-4DAF-B14C-DEBBA52A1C37}.Release|x64.Build.0 = Release|Any CPU
		{704B3D19-F577-4DAF-B14C-DEBBA52A1C37}.Release|x86.ActiveCfg = Release|Any CPU
		{704B3D19-F577-4DAF-B14C-DEBBA52A1C37}.Release|x86.Build.0 = Release|Any CPU
	EndGlobalSection
	GlobalSection(SolutionProperties) = preSolution
		HideSolutionNode = FALSE
	EndGlobalSection
EndGlobal
